// !$*UTF8*$!
{
	archiveVersion = 1;
	classes = {
	};
	objectVersion = 56;
	objects = {

/* Begin PBXBuildFile section */
		035AFF122C95B519006AFFA2 /* AppDelegate.swift in Sources */ = {isa = PBXBuildFile; fileRef = 035AFF112C95B519006AFFA2 /* AppDelegate.swift */; };
		035AFF142C95B519006AFFA2 /* SceneDelegate.swift in Sources */ = {isa = PBXBuildFile; fileRef = 035AFF132C95B519006AFFA2 /* SceneDelegate.swift */; };
		035AFF162C95B519006AFFA2 /* ViewController.swift in Sources */ = {isa = PBXBuildFile; fileRef = 035AFF152C95B519006AFFA2 /* ViewController.swift */; };
		035AFF192C95B519006AFFA2 /* Base in Resources */ = {isa = PBXBuildFile; fileRef = 035AFF182C95B519006AFFA2 /* Base */; };
		035AFF1B2C95B51A006AFFA2 /* Assets.xcassets in Resources */ = {isa = PBXBuildFile; fileRef = 035AFF1A2C95B51A006AFFA2 /* Assets.xcassets */; };
		035AFF1E2C95B51A006AFFA2 /* Base in Resources */ = {isa = PBXBuildFile; fileRef = 035AFF1D2C95B51A006AFFA2 /* Base */; };
		035AFF292C95B51A006AFFA2 /* MindVaultTests.swift in Sources */ = {isa = PBXBuildFile; fileRef = 035AFF282C95B51A006AFFA2 /* MindVaultTests.swift */; };
		035AFF332C95B51A006AFFA2 /* MindVaultUITests.swift in Sources */ = {isa = PBXBuildFile; fileRef = 035AFF322C95B51A006AFFA2 /* MindVaultUITests.swift */; };
		035AFF352C95B51A006AFFA2 /* MindVaultUITestsLaunchTests.swift in Sources */ = {isa = PBXBuildFile; fileRef = 035AFF342C95B51A006AFFA2 /* MindVaultUITestsLaunchTests.swift */; };
/* End PBXBuildFile section */

/* Begin PBXContainerItemProxy section */
		035AFF252C95B51A006AFFA2 /* PBXContainerItemProxy */ = {
			isa = PBXContainerItemProxy;
			containerPortal = 035AFF062C95B519006AFFA2 /* Project object */;
			proxyType = 1;
			remoteGlobalIDString = 035AFF0D2C95B519006AFFA2;
			remoteInfo = MindVault;
		};
		035AFF2F2C95B51A006AFFA2 /* PBXContainerItemProxy */ = {
			isa = PBXContainerItemProxy;
			containerPortal = 035AFF062C95B519006AFFA2 /* Project object */;
			proxyType = 1;
			remoteGlobalIDString = 035AFF0D2C95B519006AFFA2;
			remoteInfo = MindVault;
		};
/* End PBXContainerItemProxy section */

/* Begin PBXFileReference section */
		035AFF0E2C95B519006AFFA2 /* MindVault.app */ = {isa = PBXFileReference; explicitFileType = wrapper.application; includeInIndex = 0; path = MindVault.app; sourceTree = BUILT_PRODUCTS_DIR; };
		035AFF112C95B519006AFFA2 /* AppDelegate.swift */ = {isa = PBXFileReference; lastKnownFileType = sourcecode.swift; path = AppDelegate.swift; sourceTree = "<group>"; };
		035AFF132C95B519006AFFA2 /* SceneDelegate.swift */ = {isa = PBXFileReference; lastKnownFileType = sourcecode.swift; path = SceneDelegate.swift; sourceTree = "<group>"; };
		035AFF152C95B519006AFFA2 /* ViewController.swift */ = {isa = PBXFileReference; lastKnownFileType = sourcecode.swift; path = ViewController.swift; sourceTree = "<group>"; };
		035AFF182C95B519006AFFA2 /* Base */ = {isa = PBXFileReference; lastKnownFileType = file.storyboard; name = Base; path = Base.lproj/Main.storyboard; sourceTree = "<group>"; };
		035AFF1A2C95B51A006AFFA2 /* Assets.xcassets */ = {isa = PBXFileReference; lastKnownFileType = folder.assetcatalog; path = Assets.xcassets; sourceTree = "<group>"; };
		035AFF1D2C95B51A006AFFA2 /* Base */ = {isa = PBXFileReference; lastKnownFileType = file.storyboard; name = Base; path = Base.lproj/LaunchScreen.storyboard; sourceTree = "<group>"; };
		035AFF1F2C95B51A006AFFA2 /* Info.plist */ = {isa = PBXFileReference; lastKnownFileType = text.plist.xml; path = Info.plist; sourceTree = "<group>"; };
		035AFF242C95B51A006AFFA2 /* MindVaultTests.xctest */ = {isa = PBXFileReference; explicitFileType = wrapper.cfbundle; includeInIndex = 0; path = MindVaultTests.xctest; sourceTree = BUILT_PRODUCTS_DIR; };
		035AFF282C95B51A006AFFA2 /* MindVaultTests.swift */ = {isa = PBXFileReference; lastKnownFileType = sourcecode.swift; path = MindVaultTests.swift; sourceTree = "<group>"; };
		035AFF2E2C95B51A006AFFA2 /* MindVaultUITests.xctest */ = {isa = PBXFileReference; explicitFileType = wrapper.cfbundle; includeInIndex = 0; path = MindVaultUITests.xctest; sourceTree = BUILT_PRODUCTS_DIR; };
		035AFF322C95B51A006AFFA2 /* MindVaultUITests.swift */ = {isa = PBXFileReference; lastKnownFileType = sourcecode.swift; path = MindVaultUITests.swift; sourceTree = "<group>"; };
		035AFF342C95B51A006AFFA2 /* MindVaultUITestsLaunchTests.swift */ = {isa = PBXFileReference; lastKnownFileType = sourcecode.swift; path = MindVaultUITestsLaunchTests.swift; sourceTree = "<group>"; };
/* End PBXFileReference section */

/* Begin PBXFrameworksBuildPhase section */
		035AFF0B2C95B519006AFFA2 /* Frameworks */ = {
			isa = PBXFrameworksBuildPhase;
			buildActionMask = 2147483647;
			files = (
			);
			runOnlyForDeploymentPostprocessing = 0;
		};
		035AFF212C95B51A006AFFA2 /* Frameworks */ = {
			isa = PBXFrameworksBuildPhase;
			buildActionMask = 2147483647;
			files = (
			);
			runOnlyForDeploymentPostprocessing = 0;
		};
		035AFF2B2C95B51A006AFFA2 /* Frameworks */ = {
			isa = PBXFrameworksBuildPhase;
			buildActionMask = 2147483647;
			files = (
			);
			runOnlyForDeploymentPostprocessing = 0;
		};
/* End PBXFrameworksBuildPhase section */

/* Begin PBXGroup section */
		035AFF052C95B519006AFFA2 = {
			isa = PBXGroup;
			children = (
				035AFF102C95B519006AFFA2 /* MindVault */,
				035AFF272C95B51A006AFFA2 /* MindVaultTests */,
				035AFF312C95B51A006AFFA2 /* MindVaultUITests */,
				035AFF0F2C95B519006AFFA2 /* Products */,
			);
			sourceTree = "<group>";
		};
		035AFF0F2C95B519006AFFA2 /* Products */ = {
			isa = PBXGroup;
			children = (
				035AFF0E2C95B519006AFFA2 /* MindVault.app */,
				035AFF242C95B51A006AFFA2 /* MindVaultTests.xctest */,
				035AFF2E2C95B51A006AFFA2 /* MindVaultUITests.xctest */,
			);
			name = Products;
			sourceTree = "<group>";
		};
		035AFF102C95B519006AFFA2 /* MindVault */ = {
			isa = PBXGroup;
			children = (
				035AFF112C95B519006AFFA2 /* AppDelegate.swift */,
				035AFF132C95B519006AFFA2 /* SceneDelegate.swift */,
				035AFF152C95B519006AFFA2 /* ViewController.swift */,
				035AFF172C95B519006AFFA2 /* Main.storyboard */,
				035AFF1A2C95B51A006AFFA2 /* Assets.xcassets */,
				035AFF1C2C95B51A006AFFA2 /* LaunchScreen.storyboard */,
				035AFF1F2C95B51A006AFFA2 /* Info.plist */,
			);
			path = MindVault;
			sourceTree = "<group>";
		};
		035AFF272C95B51A006AFFA2 /* MindVaultTests */ = {
			isa = PBXGroup;
			children = (
				035AFF282C95B51A006AFFA2 /* MindVaultTests.swift */,
			);
			path = MindVaultTests;
			sourceTree = "<group>";
		};
		035AFF312C95B51A006AFFA2 /* MindVaultUITests */ = {
			isa = PBXGroup;
			children = (
				035AFF322C95B51A006AFFA2 /* MindVaultUITests.swift */,
				035AFF342C95B51A006AFFA2 /* MindVaultUITestsLaunchTests.swift */,
			);
			path = MindVaultUITests;
			sourceTree = "<group>";
		};
/* End PBXGroup section */

/* Begin PBXNativeTarget section */
		035AFF0D2C95B519006AFFA2 /* MindVault */ = {
			isa = PBXNativeTarget;
			buildConfigurationList = 035AFF382C95B51A006AFFA2 /* Build configuration list for PBXNativeTarget "MindVault" */;
			buildPhases = (
				035AFF0A2C95B519006AFFA2 /* Sources */,
				035AFF0B2C95B519006AFFA2 /* Frameworks */,
				035AFF0C2C95B519006AFFA2 /* Resources */,
			);
			buildRules = (
			);
			dependencies = (
			);
			name = MindVault;
			productName = MindVault;
			productReference = 035AFF0E2C95B519006AFFA2 /* MindVault.app */;
			productType = "com.apple.product-type.application";
		};
		035AFF232C95B51A006AFFA2 /* MindVaultTests */ = {
			isa = PBXNativeTarget;
			buildConfigurationList = 035AFF3B2C95B51A006AFFA2 /* Build configuration list for PBXNativeTarget "MindVaultTests" */;
			buildPhases = (
				035AFF202C95B51A006AFFA2 /* Sources */,
				035AFF212C95B51A006AFFA2 /* Frameworks */,
				035AFF222C95B51A006AFFA2 /* Resources */,
			);
			buildRules = (
			);
			dependencies = (
				035AFF262C95B51A006AFFA2 /* PBXTargetDependency */,
			);
			name = MindVaultTests;
			productName = MindVaultTests;
			productReference = 035AFF242C95B51A006AFFA2 /* MindVaultTests.xctest */;
			productType = "com.apple.product-type.bundle.unit-test";
		};
		035AFF2D2C95B51A006AFFA2 /* MindVaultUITests */ = {
			isa = PBXNativeTarget;
			buildConfigurationList = 035AFF3E2C95B51A006AFFA2 /* Build configuration list for PBXNativeTarget "MindVaultUITests" */;
			buildPhases = (
				035AFF2A2C95B51A006AFFA2 /* Sources */,
				035AFF2B2C95B51A006AFFA2 /* Frameworks */,
				035AFF2C2C95B51A006AFFA2 /* Resources */,
			);
			buildRules = (
			);
			dependencies = (
				035AFF302C95B51A006AFFA2 /* PBXTargetDependency */,
			);
			name = MindVaultUITests;
			productName = MindVaultUITests;
			productReference = 035AFF2E2C95B51A006AFFA2 /* MindVaultUITests.xctest */;
			productType = "com.apple.product-type.bundle.ui-testing";
		};
/* End PBXNativeTarget section */

/* Begin PBXProject section */
		035AFF062C95B519006AFFA2 /* Project object */ = {
			isa = PBXProject;
			attributes = {
				BuildIndependentTargetsInParallel = 1;
				LastSwiftUpdateCheck = 1540;
				LastUpgradeCheck = 1540;
				TargetAttributes = {
					035AFF0D2C95B519006AFFA2 = {
						CreatedOnToolsVersion = 15.4;
					};
					035AFF232C95B51A006AFFA2 = {
						CreatedOnToolsVersion = 15.4;
						TestTargetID = 035AFF0D2C95B519006AFFA2;
					};
					035AFF2D2C95B51A006AFFA2 = {
						CreatedOnToolsVersion = 15.4;
						TestTargetID = 035AFF0D2C95B519006AFFA2;
					};
				};
			};
			buildConfigurationList = 035AFF092C95B519006AFFA2 /* Build configuration list for PBXProject "MindVault" */;
			compatibilityVersion = "Xcode 14.0";
			developmentRegion = en;
			hasScannedForEncodings = 0;
			knownRegions = (
				en,
				Base,
			);
			mainGroup = 035AFF052C95B519006AFFA2;
			productRefGroup = 035AFF0F2C95B519006AFFA2 /* Products */;
			projectDirPath = "";
			projectRoot = "";
			targets = (
				035AFF0D2C95B519006AFFA2 /* MindVault */,
				035AFF232C95B51A006AFFA2 /* MindVaultTests */,
				035AFF2D2C95B51A006AFFA2 /* MindVaultUITests */,
			);
		};
/* End PBXProject section */

/* Begin PBXResourcesBuildPhase section */
		035AFF0C2C95B519006AFFA2 /* Resources */ = {
			isa = PBXResourcesBuildPhase;
			buildActionMask = 2147483647;
			files = (
				035AFF1B2C95B51A006AFFA2 /* Assets.xcassets in Resources */,
				035AFF1E2C95B51A006AFFA2 /* Base in Resources */,
				035AFF192C95B519006AFFA2 /* Base in Resources */,
			);
			runOnlyForDeploymentPostprocessing = 0;
		};
		035AFF222C95B51A006AFFA2 /* Resources */ = {
			isa = PBXResourcesBuildPhase;
			buildActionMask = 2147483647;
			files = (
			);
			runOnlyForDeploymentPostprocessing = 0;
		};
		035AFF2C2C95B51A006AFFA2 /* Resources */ = {
			isa = PBXResourcesBuildPhase;
			buildActionMask = 2147483647;
			files = (
			);
			runOnlyForDeploymentPostprocessing = 0;
		};
/* End PBXResourcesBuildPhase section */

/* Begin PBXSourcesBuildPhase section */
		035AFF0A2C95B519006AFFA2 /* Sources */ = {
			isa = PBXSourcesBuildPhase;
			buildActionMask = 2147483647;
			files = (
				035AFF162C95B519006AFFA2 /* ViewController.swift in Sources */,
				035AFF122C95B519006AFFA2 /* AppDelegate.swift in Sources */,
				035AFF142C95B519006AFFA2 /* SceneDelegate.swift in Sources */,
			);
			runOnlyForDeploymentPostprocessing = 0;
		};
		035AFF202C95B51A006AFFA2 /* Sources */ = {
			isa = PBXSourcesBuildPhase;
			buildActionMask = 2147483647;
			files = (
				035AFF292C95B51A006AFFA2 /* MindVaultTests.swift in Sources */,
			);
			runOnlyForDeploymentPostprocessing = 0;
		};
		035AFF2A2C95B51A006AFFA2 /* Sources */ = {
			isa = PBXSourcesBuildPhase;
			buildActionMask = 2147483647;
			files = (
				035AFF332C95B51A006AFFA2 /* MindVaultUITests.swift in Sources */,
				035AFF352C95B51A006AFFA2 /* MindVaultUITestsLaunchTests.swift in Sources */,
			);
			runOnlyForDeploymentPostprocessing = 0;
		};
/* End PBXSourcesBuildPhase section */

/* Begin PBXTargetDependency section */
		035AFF262C95B51A006AFFA2 /* PBXTargetDependency */ = {
			isa = PBXTargetDependency;
			target = 035AFF0D2C95B519006AFFA2 /* MindVault */;
			targetProxy = 035AFF252C95B51A006AFFA2 /* PBXContainerItemProxy */;
		};
		035AFF302C95B51A006AFFA2 /* PBXTargetDependency */ = {
			isa = PBXTargetDependency;
			target = 035AFF0D2C95B519006AFFA2 /* MindVault */;
			targetProxy = 035AFF2F2C95B51A006AFFA2 /* PBXContainerItemProxy */;
		};
/* End PBXTargetDependency section */

/* Begin PBXVariantGroup section */
		035AFF172C95B519006AFFA2 /* Main.storyboard */ = {
			isa = PBXVariantGroup;
			children = (
				035AFF182C95B519006AFFA2 /* Base */,
			);
			name = Main.storyboard;
			sourceTree = "<group>";
		};
		035AFF1C2C95B51A006AFFA2 /* LaunchScreen.storyboard */ = {
			isa = PBXVariantGroup;
			children = (
				035AFF1D2C95B51A006AFFA2 /* Base */,
			);
			name = LaunchScreen.storyboard;
			sourceTree = "<group>";
		};
/* End PBXVariantGroup section */

/* Begin XCBuildConfiguration section */
		035AFF362C95B51A006AFFA2 /* Debug */ = {
			isa = XCBuildConfiguration;
			buildSettings = {
				ALWAYS_SEARCH_USER_PATHS = NO;
				ASSETCATALOG_COMPILER_GENERATE_SWIFT_ASSET_SYMBOL_EXTENSIONS = YES;
				CLANG_ANALYZER_NONNULL = YES;
				CLANG_ANALYZER_NUMBER_OBJECT_CONVERSION = YES_AGGRESSIVE;
				CLANG_CXX_LANGUAGE_STANDARD = "gnu++20";
				CLANG_ENABLE_MODULES = YES;
				CLANG_ENABLE_OBJC_ARC = YES;
				CLANG_ENABLE_OBJC_WEAK = YES;
				CLANG_WARN_BLOCK_CAPTURE_AUTORELEASING = YES;
				CLANG_WARN_BOOL_CONVERSION = YES;
				CLANG_WARN_COMMA = YES;
				CLANG_WARN_CONSTANT_CONVERSION = YES;
				CLANG_WARN_DEPRECATED_OBJC_IMPLEMENTATIONS = YES;
				CLANG_WARN_DIRECT_OBJC_ISA_USAGE = YES_ERROR;
				CLANG_WARN_DOCUMENTATION_COMMENTS = YES;
				CLANG_WARN_EMPTY_BODY = YES;
				CLANG_WARN_ENUM_CONVERSION = YES;
				CLANG_WARN_INFINITE_RECURSION = YES;
				CLANG_WARN_INT_CONVERSION = YES;
				CLANG_WARN_NON_LITERAL_NULL_CONVERSION = YES;
				CLANG_WARN_OBJC_IMPLICIT_RETAIN_SELF = YES;
				CLANG_WARN_OBJC_LITERAL_CONVERSION = YES;
				CLANG_WARN_OBJC_ROOT_CLASS = YES_ERROR;
				CLANG_WARN_QUOTED_INCLUDE_IN_FRAMEWORK_HEADER = YES;
				CLANG_WARN_RANGE_LOOP_ANALYSIS = YES;
				CLANG_WARN_STRICT_PROTOTYPES = YES;
				CLANG_WARN_SUSPICIOUS_MOVE = YES;
				CLANG_WARN_UNGUARDED_AVAILABILITY = YES_AGGRESSIVE;
				CLANG_WARN_UNREACHABLE_CODE = YES;
				CLANG_WARN__DUPLICATE_METHOD_MATCH = YES;
				COPY_PHASE_STRIP = NO;
				DEBUG_INFORMATION_FORMAT = dwarf;
				ENABLE_STRICT_OBJC_MSGSEND = YES;
				ENABLE_TESTABILITY = YES;
				ENABLE_USER_SCRIPT_SANDBOXING = YES;
				GCC_C_LANGUAGE_STANDARD = gnu17;
				GCC_DYNAMIC_NO_PIC = NO;
				GCC_NO_COMMON_BLOCKS = YES;
				GCC_OPTIMIZATION_LEVEL = 0;
				GCC_PREPROCESSOR_DEFINITIONS = (
					"DEBUG=1",
					"$(inherited)",
				);
				GCC_WARN_64_TO_32_BIT_CONVERSION = YES;
				GCC_WARN_ABOUT_RETURN_TYPE = YES_ERROR;
				GCC_WARN_UNDECLARED_SELECTOR = YES;
				GCC_WARN_UNINITIALIZED_AUTOS = YES_AGGRESSIVE;
				GCC_WARN_UNUSED_FUNCTION = YES;
				GCC_WARN_UNUSED_VARIABLE = YES;
				IPHONEOS_DEPLOYMENT_TARGET = 17.5;
				LOCALIZATION_PREFERS_STRING_CATALOGS = YES;
				MTL_ENABLE_DEBUG_INFO = INCLUDE_SOURCE;
				MTL_FAST_MATH = YES;
				ONLY_ACTIVE_ARCH = YES;
				SDKROOT = iphoneos;
				SWIFT_ACTIVE_COMPILATION_CONDITIONS = "DEBUG $(inherited)";
				SWIFT_OPTIMIZATION_LEVEL = "-Onone";
			};
			name = Debug;
		};
		035AFF372C95B51A006AFFA2 /* Release */ = {
			isa = XCBuildConfiguration;
			buildSettings = {
				ALWAYS_SEARCH_USER_PATHS = NO;
				ASSETCATALOG_COMPILER_GENERATE_SWIFT_ASSET_SYMBOL_EXTENSIONS = YES;
				CLANG_ANALYZER_NONNULL = YES;
				CLANG_ANALYZER_NUMBER_OBJECT_CONVERSION = YES_AGGRESSIVE;
				CLANG_CXX_LANGUAGE_STANDARD = "gnu++20";
				CLANG_ENABLE_MODULES = YES;
				CLANG_ENABLE_OBJC_ARC = YES;
				CLANG_ENABLE_OBJC_WEAK = YES;
				CLANG_WARN_BLOCK_CAPTURE_AUTORELEASING = YES;
				CLANG_WARN_BOOL_CONVERSION = YES;
				CLANG_WARN_COMMA = YES;
				CLANG_WARN_CONSTANT_CONVERSION = YES;
				CLANG_WARN_DEPRECATED_OBJC_IMPLEMENTATIONS = YES;
				CLANG_WARN_DIRECT_OBJC_ISA_USAGE = YES_ERROR;
				CLANG_WARN_DOCUMENTATION_COMMENTS = YES;
				CLANG_WARN_EMPTY_BODY = YES;
				CLANG_WARN_ENUM_CONVERSION = YES;
				CLANG_WARN_INFINITE_RECURSION = YES;
				CLANG_WARN_INT_CONVERSION = YES;
				CLANG_WARN_NON_LITERAL_NULL_CONVERSION = YES;
				CLANG_WARN_OBJC_IMPLICIT_RETAIN_SELF = YES;
				CLANG_WARN_OBJC_LITERAL_CONVERSION = YES;
				CLANG_WARN_OBJC_ROOT_CLASS = YES_ERROR;
				CLANG_WARN_QUOTED_INCLUDE_IN_FRAMEWORK_HEADER = YES;
				CLANG_WARN_RANGE_LOOP_ANALYSIS = YES;
				CLANG_WARN_STRICT_PROTOTYPES = YES;
				CLANG_WARN_SUSPICIOUS_MOVE = YES;
				CLANG_WARN_UNGUARDED_AVAILABILITY = YES_AGGRESSIVE;
				CLANG_WARN_UNREACHABLE_CODE = YES;
				CLANG_WARN__DUPLICATE_METHOD_MATCH = YES;
				COPY_PHASE_STRIP = NO;
				DEBUG_INFORMATION_FORMAT = "dwarf-with-dsym";
				ENABLE_NS_ASSERTIONS = NO;
				ENABLE_STRICT_OBJC_MSGSEND = YES;
				ENABLE_USER_SCRIPT_SANDBOXING = YES;
				GCC_C_LANGUAGE_STANDARD = gnu17;
				GCC_NO_COMMON_BLOCKS = YES;
				GCC_WARN_64_TO_32_BIT_CONVERSION = YES;
				GCC_WARN_ABOUT_RETURN_TYPE = YES_ERROR;
				GCC_WARN_UNDECLARED_SELECTOR = YES;
				GCC_WARN_UNINITIALIZED_AUTOS = YES_AGGRESSIVE;
				GCC_WARN_UNUSED_FUNCTION = YES;
				GCC_WARN_UNUSED_VARIABLE = YES;
				IPHONEOS_DEPLOYMENT_TARGET = 17.5;
				LOCALIZATION_PREFERS_STRING_CATALOGS = YES;
				MTL_ENABLE_DEBUG_INFO = NO;
				MTL_FAST_MATH = YES;
				SDKROOT = iphoneos;
				SWIFT_COMPILATION_MODE = wholemodule;
				VALIDATE_PRODUCT = YES;
			};
			name = Release;
		};
		035AFF392C95B51A006AFFA2 /* Debug */ = {
			isa = XCBuildConfiguration;
			buildSettings = {
				ASSETCATALOG_COMPILER_APPICON_NAME = AppIcon;
				ASSETCATALOG_COMPILER_GLOBAL_ACCENT_COLOR_NAME = AccentColor;
				CODE_SIGN_STYLE = Automatic;
				CURRENT_PROJECT_VERSION = 1;
				GENERATE_INFOPLIST_FILE = YES;
				INFOPLIST_FILE = MindVault/Info.plist;
				INFOPLIST_KEY_UIApplicationSupportsIndirectInputEvents = YES;
				INFOPLIST_KEY_UILaunchStoryboardName = LaunchScreen;
				INFOPLIST_KEY_UIMainStoryboardFile = Main;
				INFOPLIST_KEY_UISupportedInterfaceOrientations_iPad = "UIInterfaceOrientationPortrait UIInterfaceOrientationPortraitUpsideDown UIInterfaceOrientationLandscapeLeft UIInterfaceOrientationLandscapeRight";
				INFOPLIST_KEY_UISupportedInterfaceOrientations_iPhone = "UIInterfaceOrientationPortrait UIInterfaceOrientationLandscapeLeft UIInterfaceOrientationLandscapeRight";
				LD_RUNPATH_SEARCH_PATHS = (
					"$(inherited)",
					"@executable_path/Frameworks",
				);
				MARKETING_VERSION = 1.0;
				PRODUCT_BUNDLE_IDENTIFIER = emc2i.MindVault;
				PRODUCT_NAME = "$(TARGET_NAME)";
				SWIFT_EMIT_LOC_STRINGS = YES;
				SWIFT_VERSION = 5.0;
				TARGETED_DEVICE_FAMILY = "1,2";
			};
			name = Debug;
		};
		035AFF3A2C95B51A006AFFA2 /* Release */ = {
			isa = XCBuildConfiguration;
			buildSettings = {
				ASSETCATALOG_COMPILER_APPICON_NAME = AppIcon;
				ASSETCATALOG_COMPILER_GLOBAL_ACCENT_COLOR_NAME = AccentColor;
				CODE_SIGN_STYLE = Automatic;
				CURRENT_PROJECT_VERSION = 1;
				GENERATE_INFOPLIST_FILE = YES;
				INFOPLIST_FILE = MindVault/Info.plist;
				INFOPLIST_KEY_UIApplicationSupportsIndirectInputEvents = YES;
				INFOPLIST_KEY_UILaunchStoryboardName = LaunchScreen;
				INFOPLIST_KEY_UIMainStoryboardFile = Main;
				INFOPLIST_KEY_UISupportedInterfaceOrientations_iPad = "UIInterfaceOrientationPortrait UIInterfaceOrientationPortraitUpsideDown UIInterfaceOrientationLandscapeLeft UIInterfaceOrientationLandscapeRight";
				INFOPLIST_KEY_UISupportedInterfaceOrientations_iPhone = "UIInterfaceOrientationPortrait UIInterfaceOrientationLandscapeLeft UIInterfaceOrientationLandscapeRight";
				LD_RUNPATH_SEARCH_PATHS = (
					"$(inherited)",
					"@executable_path/Frameworks",
				);
				MARKETING_VERSION = 1.0;
				PRODUCT_BUNDLE_IDENTIFIER = emc2i.MindVault;
				PRODUCT_NAME = "$(TARGET_NAME)";
				SWIFT_EMIT_LOC_STRINGS = YES;
				SWIFT_VERSION = 5.0;
				TARGETED_DEVICE_FAMILY = "1,2";
			};
			name = Release;
		};
		035AFF3C2C95B51A006AFFA2 /* Debug */ = {
			isa = XCBuildConfiguration;
			buildSettings = {
				ALWAYS_EMBED_SWIFT_STANDARD_LIBRARIES = YES;
				BUNDLE_LOADER = "$(TEST_HOST)";
				CODE_SIGN_STYLE = Automatic;
				CURRENT_PROJECT_VERSION = 1;
				GENERATE_INFOPLIST_FILE = YES;
				IPHONEOS_DEPLOYMENT_TARGET = 17.5;
				MARKETING_VERSION = 1.0;
				PRODUCT_BUNDLE_IDENTIFIER = emc2i.MindVaultTests;
				PRODUCT_NAME = "$(TARGET_NAME)";
				SWIFT_EMIT_LOC_STRINGS = NO;
				SWIFT_VERSION = 5.0;
				TARGETED_DEVICE_FAMILY = "1,2";
				TEST_HOST = "$(BUILT_PRODUCTS_DIR)/MindVault.app/$(BUNDLE_EXECUTABLE_FOLDER_PATH)/MindVault";
			};
			name = Debug;
		};
		035AFF3D2C95B51A006AFFA2 /* Release */ = {
			isa = XCBuildConfiguration;
			buildSettings = {
				ALWAYS_EMBED_SWIFT_STANDARD_LIBRARIES = YES;
				BUNDLE_LOADER = "$(TEST_HOST)";
				CODE_SIGN_STYLE = Automatic;
				CURRENT_PROJECT_VERSION = 1;
				GENERATE_INFOPLIST_FILE = YES;
				IPHONEOS_DEPLOYMENT_TARGET = 17.5;
				MARKETING_VERSION = 1.0;
				PRODUCT_BUNDLE_IDENTIFIER = emc2i.MindVaultTests;
				PRODUCT_NAME = "$(TARGET_NAME)";
				SWIFT_EMIT_LOC_STRINGS = NO;
				SWIFT_VERSION = 5.0;
				TARGETED_DEVICE_FAMILY = "1,2";
				TEST_HOST = "$(BUILT_PRODUCTS_DIR)/MindVault.app/$(BUNDLE_EXECUTABLE_FOLDER_PATH)/MindVault";
			};
			name = Release;
		};
		035AFF3F2C95B51A006AFFA2 /* Debug */ = {
			isa = XCBuildConfiguration;
			buildSettings = {
				ALWAYS_EMBED_SWIFT_STANDARD_LIBRARIES = YES;
				CODE_SIGN_STYLE = Automatic;
				CURRENT_PROJECT_VERSION = 1;
				GENERATE_INFOPLIST_FILE = YES;
				MARKETING_VERSION = 1.0;
				PRODUCT_BUNDLE_IDENTIFIER = emc2i.MindVaultUITests;
				PRODUCT_NAME = "$(TARGET_NAME)";
				SWIFT_EMIT_LOC_STRINGS = NO;
				SWIFT_VERSION = 5.0;
				TARGETED_DEVICE_FAMILY = "1,2";
				TEST_TARGET_NAME = MindVault;
			};
			name = Debug;
		};
		035AFF402C95B51A006AFFA2 /* Release */ = {
			isa = XCBuildConfiguration;
			buildSettings = {
				ALWAYS_EMBED_SWIFT_STANDARD_LIBRARIES = YES;
				CODE_SIGN_STYLE = Automatic;
				CURRENT_PROJECT_VERSION = 1;
				GENERATE_INFOPLIST_FILE = YES;
				MARKETING_VERSION = 1.0;
				PRODUCT_BUNDLE_IDENTIFIER = emc2i.MindVaultUITests;
				PRODUCT_NAME = "$(TARGET_NAME)";
				SWIFT_EMIT_LOC_STRINGS = NO;
				SWIFT_VERSION = 5.0;
				TARGETED_DEVICE_FAMILY = "1,2";
				TEST_TARGET_NAME = MindVault;
			};
			name = Release;
		};
/* End XCBuildConfiguration section */

/* Begin XCConfigurationList section */
		035AFF092C95B519006AFFA2 /* Build configuration list for PBXProject "MindVault" */ = {
			isa = XCConfigurationList;
			buildConfigurations = (
				035AFF362C95B51A006AFFA2 /* Debug */,
				035AFF372C95B51A006AFFA2 /* Release */,
			);
			defaultConfigurationIsVisible = 0;
			defaultConfigurationName = Release;
		};
		035AFF382C95B51A006AFFA2 /* Build configuration list for PBXNativeTarget "MindVault" */ = {
			isa = XCConfigurationList;
			buildConfigurations = (
				035AFF392C95B51A006AFFA2 /* Debug */,
				035AFF3A2C95B51A006AFFA2 /* Release */,
			);
			defaultConfigurationIsVisible = 0;
			defaultConfigurationName = Release;
		};
		035AFF3B2C95B51A006AFFA2 /* Build configuration list for PBXNativeTarget "MindVaultTests" */ = {
			isa = XCConfigurationList;
			buildConfigurations = (
				035AFF3C2C95B51A006AFFA2 /* Debug */,
				035AFF3D2C95B51A006AFFA2 /* Release */,
			);
			defaultConfigurationIsVisible = 0;
			defaultConfigurationName = Release;
		};
		035AFF3E2C95B51A006AFFA2 /* Build configuration list for PBXNativeTarget "MindVaultUITests" */ = {
			isa = XCConfigurationList;
			buildConfigurations = (
				035AFF3F2C95B51A006AFFA2 /* Debug */,
				035AFF402C95B51A006AFFA2 /* Release */,
			);
			defaultConfigurationIsVisible = 0;
			defaultConfigurationName = Release;
		};
/* End XCConfigurationList section */
	};
	rootObject = 035AFF062C95B519006AFFA2 /* Project object */;
}
